// !$*UTF8*$!
{
	archiveVersion = 1;
	classes = {
	};
	objectVersion = 70;
	objects = {

/* Begin PBXBuildFile section */
		A10AD5D72D35D6F400EA5155 /* ActivityReportView.swift in Sources */ = {isa = PBXBuildFile; fileRef = A10AD5D62D35D6F400EA5155 /* ActivityReportView.swift */; };
		A10AD5D92D35D75100EA5155 /* LandingPageView.swift in Sources */ = {isa = PBXBuildFile; fileRef = A10AD5D82D35D75100EA5155 /* LandingPageView.swift */; };
		A10AD5DB2D35D91600EA5155 /* LockAppsView.swift in Sources */ = {isa = PBXBuildFile; fileRef = A10AD5DA2D35D91600EA5155 /* LockAppsView.swift */; };
		A10AD5DF2D35F5E900EA5155 /* ApplicationUsage.swift in Sources */ = {isa = PBXBuildFile; fileRef = A10AD5DE2D35F5E900EA5155 /* ApplicationUsage.swift */; };
		A10AD5E22D3DA6E200EA5155 /* DebugControlsView.swift in Sources */ = {isa = PBXBuildFile; fileRef = A10AD5E12D3DA6E200EA5155 /* DebugControlsView.swift */; };
		A18B93B12D34EA7E00F06BC5 /* Locked_InApp.swift in Sources */ = {isa = PBXBuildFile; fileRef = A18B93B02D34EA7E00F06BC5 /* Locked_InApp.swift */; };
		A18B93B52D34EA7F00F06BC5 /* Assets.xcassets in Resources */ = {isa = PBXBuildFile; fileRef = A18B93B42D34EA7F00F06BC5 /* Assets.xcassets */; };
		A18B93B82D34EA7F00F06BC5 /* Preview Assets.xcassets in Resources */ = {isa = PBXBuildFile; fileRef = A18B93B72D34EA7F00F06BC5 /* Preview Assets.xcassets */; };
		A18B93C52D34EF9100F06BC5 /* ActivityReport.swift in Sources */ = {isa = PBXBuildFile; fileRef = A18B93C42D34EF9100F06BC5 /* ActivityReport.swift */; };
		A18B93C72D34EF9100F06BC5 /* TotalActivityReport.swift in Sources */ = {isa = PBXBuildFile; fileRef = A18B93C62D34EF9100F06BC5 /* TotalActivityReport.swift */; };
		A18B93C92D34EF9100F06BC5 /* TotalActivityView.swift in Sources */ = {isa = PBXBuildFile; fileRef = A18B93C82D34EF9100F06BC5 /* TotalActivityView.swift */; };
		A18B93CE2D34EF9100F06BC5 /* ActivityReport.appex in Embed ExtensionKit Extensions */ = {isa = PBXBuildFile; fileRef = A18B93C22D34EF9100F06BC5 /* ActivityReport.appex */; settings = {ATTRIBUTES = (RemoveHeadersOnCopy, ); }; };
		A18B93DF2D3507FB00F06BC5 /* PiechartReport.swift in Sources */ = {isa = PBXBuildFile; fileRef = A18B93DE2D3507FB00F06BC5 /* PiechartReport.swift */; };
		A18B93E12D35086400F06BC5 /* PiechartView.swift in Sources */ = {isa = PBXBuildFile; fileRef = A18B93E02D35086400F06BC5 /* PiechartView.swift */; };
		A1AA82A82D3DE19700672789 /* ContentView.swift in Sources */ = {isa = PBXBuildFile; fileRef = A1AA82A72D3DE19700672789 /* ContentView.swift */; };
		A1AA82AA2D3DE80900672789 /* OnboardingView.swift in Sources */ = {isa = PBXBuildFile; fileRef = A1AA82A92D3DE80900672789 /* OnboardingView.swift */; };
		A1AA82AC2D401D7600672789 /* TrackedAppsCardView.swift in Sources */ = {isa = PBXBuildFile; fileRef = A1AA82AB2D401D7600672789 /* TrackedAppsCardView.swift */; };
		A1AA82B62D4195B600672789 /* DeviceActivity.framework in Frameworks */ = {isa = PBXBuildFile; fileRef = A1AA82B52D4195B600672789 /* DeviceActivity.framework */; };
		A1AA82BE2D4195B600672789 /* ActivityMonitor.appex in Embed Foundation Extensions */ = {isa = PBXBuildFile; fileRef = A1AA82B32D4195B600672789 /* ActivityMonitor.appex */; settings = {ATTRIBUTES = (RemoveHeadersOnCopy, ); }; };
		A1AA82C62D41B22600672789 /* AppModel.swift in Sources */ = {isa = PBXBuildFile; fileRef = A1AA82C52D41B22200672789 /* AppModel.swift */; };
		A1AA82C72D41B27300672789 /* AppModel.swift in Sources */ = {isa = PBXBuildFile; fileRef = A1AA82C52D41B22200672789 /* AppModel.swift */; };
		A1AA82CB2D4211D700672789 /* LockSession.swift in Sources */ = {isa = PBXBuildFile; fileRef = A1AA82CA2D4211C100672789 /* LockSession.swift */; };
		A1AA82CC2D4211D700672789 /* LockSession.swift in Sources */ = {isa = PBXBuildFile; fileRef = A1AA82CA2D4211C100672789 /* LockSession.swift */; };
		A1AA82CE2D421CE100672789 /* SessionHistoryView.swift in Sources */ = {isa = PBXBuildFile; fileRef = A1AA82CD2D421CE100672789 /* SessionHistoryView.swift */; };
		A1AA82D02D43546100672789 /* SplashScreen.swift in Sources */ = {isa = PBXBuildFile; fileRef = A1AA82CF2D43546100672789 /* SplashScreen.swift */; };
		A1AA82D22D4371A300672789 /* LockSessionBarChartView.swift in Sources */ = {isa = PBXBuildFile; fileRef = A1AA82D12D4371A300672789 /* LockSessionBarChartView.swift */; };
/* End PBXBuildFile section */

/* Begin PBXContainerItemProxy section */
		A18B93CC2D34EF9100F06BC5 /* PBXContainerItemProxy */ = {
			isa = PBXContainerItemProxy;
			containerPortal = A18B93A52D34EA7E00F06BC5 /* Project object */;
			proxyType = 1;
			remoteGlobalIDString = A18B93C12D34EF9100F06BC5;
			remoteInfo = ActivityReport;
		};
		A1AA82BC2D4195B600672789 /* PBXContainerItemProxy */ = {
			isa = PBXContainerItemProxy;
			containerPortal = A18B93A52D34EA7E00F06BC5 /* Project object */;
			proxyType = 1;
			remoteGlobalIDString = A1AA82B22D4195B600672789;
			remoteInfo = ActivityMonitor;
		};
/* End PBXContainerItemProxy section */

/* Begin PBXCopyFilesBuildPhase section */
		A18B93D22D34EF9100F06BC5 /* Embed ExtensionKit Extensions */ = {
			isa = PBXCopyFilesBuildPhase;
			buildActionMask = 2147483647;
			dstPath = "$(EXTENSIONS_FOLDER_PATH)";
			dstSubfolderSpec = 16;
			files = (
				A18B93CE2D34EF9100F06BC5 /* ActivityReport.appex in Embed ExtensionKit Extensions */,
			);
			name = "Embed ExtensionKit Extensions";
			runOnlyForDeploymentPostprocessing = 0;
		};
		A1AA82C32D4195B600672789 /* Embed Foundation Extensions */ = {
			isa = PBXCopyFilesBuildPhase;
			buildActionMask = 2147483647;
			dstPath = "";
			dstSubfolderSpec = 13;
			files = (
				A1AA82BE2D4195B600672789 /* ActivityMonitor.appex in Embed Foundation Extensions */,
			);
			name = "Embed Foundation Extensions";
			runOnlyForDeploymentPostprocessing = 0;
		};
/* End PBXCopyFilesBuildPhase section */

/* Begin PBXFileReference section */
		A10AD5D62D35D6F400EA5155 /* ActivityReportView.swift */ = {isa = PBXFileReference; lastKnownFileType = sourcecode.swift; path = ActivityReportView.swift; sourceTree = "<group>"; };
		A10AD5D82D35D75100EA5155 /* LandingPageView.swift */ = {isa = PBXFileReference; lastKnownFileType = sourcecode.swift; path = LandingPageView.swift; sourceTree = "<group>"; };
		A10AD5DA2D35D91600EA5155 /* LockAppsView.swift */ = {isa = PBXFileReference; lastKnownFileType = sourcecode.swift; path = LockAppsView.swift; sourceTree = "<group>"; };
		A10AD5DE2D35F5E900EA5155 /* ApplicationUsage.swift */ = {isa = PBXFileReference; lastKnownFileType = sourcecode.swift; path = ApplicationUsage.swift; sourceTree = "<group>"; };
		A10AD5E12D3DA6E200EA5155 /* DebugControlsView.swift */ = {isa = PBXFileReference; lastKnownFileType = sourcecode.swift; path = DebugControlsView.swift; sourceTree = "<group>"; };
		A18B93AD2D34EA7E00F06BC5 /* Locked In.app */ = {isa = PBXFileReference; explicitFileType = wrapper.application; includeInIndex = 0; path = "Locked In.app"; sourceTree = BUILT_PRODUCTS_DIR; };
		A18B93B02D34EA7E00F06BC5 /* Locked_InApp.swift */ = {isa = PBXFileReference; lastKnownFileType = sourcecode.swift; path = Locked_InApp.swift; sourceTree = "<group>"; };
		A18B93B42D34EA7F00F06BC5 /* Assets.xcassets */ = {isa = PBXFileReference; lastKnownFileType = folder.assetcatalog; path = Assets.xcassets; sourceTree = "<group>"; };
		A18B93B72D34EA7F00F06BC5 /* Preview Assets.xcassets */ = {isa = PBXFileReference; lastKnownFileType = folder.assetcatalog; path = "Preview Assets.xcassets"; sourceTree = "<group>"; };
		A18B93C22D34EF9100F06BC5 /* ActivityReport.appex */ = {isa = PBXFileReference; explicitFileType = "wrapper.extensionkit-extension"; includeInIndex = 0; path = ActivityReport.appex; sourceTree = BUILT_PRODUCTS_DIR; };
		A18B93C42D34EF9100F06BC5 /* ActivityReport.swift */ = {isa = PBXFileReference; lastKnownFileType = sourcecode.swift; path = ActivityReport.swift; sourceTree = "<group>"; };
		A18B93C62D34EF9100F06BC5 /* TotalActivityReport.swift */ = {isa = PBXFileReference; lastKnownFileType = sourcecode.swift; path = TotalActivityReport.swift; sourceTree = "<group>"; };
		A18B93C82D34EF9100F06BC5 /* TotalActivityView.swift */ = {isa = PBXFileReference; lastKnownFileType = sourcecode.swift; path = TotalActivityView.swift; sourceTree = "<group>"; };
		A18B93CA2D34EF9100F06BC5 /* Info.plist */ = {isa = PBXFileReference; lastKnownFileType = text.plist.xml; path = Info.plist; sourceTree = "<group>"; };
		A18B93CB2D34EF9100F06BC5 /* ActivityReport.entitlements */ = {isa = PBXFileReference; lastKnownFileType = text.plist.entitlements; path = ActivityReport.entitlements; sourceTree = "<group>"; };
		A18B93DD2D34FE8100F06BC5 /* Locked In.entitlements */ = {isa = PBXFileReference; lastKnownFileType = text.plist.entitlements; path = "Locked In.entitlements"; sourceTree = "<group>"; };
		A18B93DE2D3507FB00F06BC5 /* PiechartReport.swift */ = {isa = PBXFileReference; fileEncoding = 4; lastKnownFileType = sourcecode.swift; path = PiechartReport.swift; sourceTree = "<group>"; };
		A18B93E02D35086400F06BC5 /* PiechartView.swift */ = {isa = PBXFileReference; fileEncoding = 4; lastKnownFileType = sourcecode.swift; path = PiechartView.swift; sourceTree = "<group>"; };
		A1AA82A72D3DE19700672789 /* ContentView.swift */ = {isa = PBXFileReference; lastKnownFileType = sourcecode.swift; path = ContentView.swift; sourceTree = "<group>"; };
		A1AA82A92D3DE80900672789 /* OnboardingView.swift */ = {isa = PBXFileReference; lastKnownFileType = sourcecode.swift; path = OnboardingView.swift; sourceTree = "<group>"; };
		A1AA82AB2D401D7600672789 /* TrackedAppsCardView.swift */ = {isa = PBXFileReference; lastKnownFileType = sourcecode.swift; path = TrackedAppsCardView.swift; sourceTree = "<group>"; };
		A1AA82B32D4195B600672789 /* ActivityMonitor.appex */ = {isa = PBXFileReference; explicitFileType = "wrapper.app-extension"; includeInIndex = 0; path = ActivityMonitor.appex; sourceTree = BUILT_PRODUCTS_DIR; };
		A1AA82B52D4195B600672789 /* DeviceActivity.framework */ = {isa = PBXFileReference; lastKnownFileType = wrapper.framework; name = DeviceActivity.framework; path = System/Library/Frameworks/DeviceActivity.framework; sourceTree = SDKROOT; };
		A1AA82C52D41B22200672789 /* AppModel.swift */ = {isa = PBXFileReference; lastKnownFileType = sourcecode.swift; path = AppModel.swift; sourceTree = "<group>"; };
		A1AA82CA2D4211C100672789 /* LockSession.swift */ = {isa = PBXFileReference; lastKnownFileType = sourcecode.swift; path = LockSession.swift; sourceTree = "<group>"; };
		A1AA82CD2D421CE100672789 /* SessionHistoryView.swift */ = {isa = PBXFileReference; lastKnownFileType = sourcecode.swift; path = SessionHistoryView.swift; sourceTree = "<group>"; };
		A1AA82CF2D43546100672789 /* SplashScreen.swift */ = {isa = PBXFileReference; lastKnownFileType = sourcecode.swift; path = SplashScreen.swift; sourceTree = "<group>"; };
		A1AA82D12D4371A300672789 /* LockSessionBarChartView.swift */ = {isa = PBXFileReference; lastKnownFileType = sourcecode.swift; path = LockSessionBarChartView.swift; sourceTree = "<group>"; };
/* End PBXFileReference section */

/* Begin PBXFileSystemSynchronizedBuildFileExceptionSet section */
		A1AA82BF2D4195B600672789 /* PBXFileSystemSynchronizedBuildFileExceptionSet */ = {
			isa = PBXFileSystemSynchronizedBuildFileExceptionSet;
			membershipExceptions = (
				Info.plist,
			);
			target = A1AA82B22D4195B600672789 /* ActivityMonitor */;
		};
/* End PBXFileSystemSynchronizedBuildFileExceptionSet section */

/* Begin PBXFileSystemSynchronizedRootGroup section */
		A1AA82B72D4195B600672789 /* ActivityMonitor */ = {isa = PBXFileSystemSynchronizedRootGroup; exceptions = (A1AA82BF2D4195B600672789 /* PBXFileSystemSynchronizedBuildFileExceptionSet */, ); explicitFileTypes = {}; explicitFolders = (); path = ActivityMonitor; sourceTree = "<group>"; };
/* End PBXFileSystemSynchronizedRootGroup section */

/* Begin PBXFrameworksBuildPhase section */
		A18B93AA2D34EA7E00F06BC5 /* Frameworks */ = {
			isa = PBXFrameworksBuildPhase;
			buildActionMask = 2147483647;
			files = (
			);
			runOnlyForDeploymentPostprocessing = 0;
		};
		A18B93BF2D34EF9100F06BC5 /* Frameworks */ = {
			isa = PBXFrameworksBuildPhase;
			buildActionMask = 2147483647;
			files = (
			);
			runOnlyForDeploymentPostprocessing = 0;
		};
		A1AA82B02D4195B600672789 /* Frameworks */ = {
			isa = PBXFrameworksBuildPhase;
			buildActionMask = 2147483647;
			files = (
				A1AA82B62D4195B600672789 /* DeviceActivity.framework in Frameworks */,
			);
			runOnlyForDeploymentPostprocessing = 0;
		};
/* End PBXFrameworksBuildPhase section */

/* Begin PBXGroup section */
		A10AD5DD2D35F5D700EA5155 /* Models */ = {
			isa = PBXGroup;
			children = (
				A10AD5DE2D35F5E900EA5155 /* ApplicationUsage.swift */,
			);
			path = Models;
			sourceTree = "<group>";
		};
		A18B93A42D34EA7E00F06BC5 = {
			isa = PBXGroup;
			children = (
				A18B93AF2D34EA7E00F06BC5 /* Locked In */,
				A18B93C32D34EF9100F06BC5 /* ActivityReport */,
				A1AA82B72D4195B600672789 /* ActivityMonitor */,
				A1AA82B42D4195B600672789 /* Frameworks */,
				A18B93AE2D34EA7E00F06BC5 /* Products */,
			);
			sourceTree = "<group>";
		};
		A18B93AE2D34EA7E00F06BC5 /* Products */ = {
			isa = PBXGroup;
			children = (
				A18B93AD2D34EA7E00F06BC5 /* Locked In.app */,
				A18B93C22D34EF9100F06BC5 /* ActivityReport.appex */,
				A1AA82B32D4195B600672789 /* ActivityMonitor.appex */,
			);
			name = Products;
			sourceTree = "<group>";
		};
		A18B93AF2D34EA7E00F06BC5 /* Locked In */ = {
			isa = PBXGroup;
			children = (
				A1AA82C92D41BD8B00672789 /* Models */,
				A1AA82C82D41BD8400672789 /* Views */,
				A18B93DD2D34FE8100F06BC5 /* Locked In.entitlements */,
				A18B93B02D34EA7E00F06BC5 /* Locked_InApp.swift */,
				A1AA82A72D3DE19700672789 /* ContentView.swift */,
				A18B93B42D34EA7F00F06BC5 /* Assets.xcassets */,
				A18B93B62D34EA7F00F06BC5 /* Preview Content */,
			);
			path = "Locked In";
			sourceTree = "<group>";
		};
		A18B93B62D34EA7F00F06BC5 /* Preview Content */ = {
			isa = PBXGroup;
			children = (
				A18B93B72D34EA7F00F06BC5 /* Preview Assets.xcassets */,
			);
			path = "Preview Content";
			sourceTree = "<group>";
		};
		A18B93C32D34EF9100F06BC5 /* ActivityReport */ = {
			isa = PBXGroup;
			children = (
				A10AD5DD2D35F5D700EA5155 /* Models */,
				A18B93C42D34EF9100F06BC5 /* ActivityReport.swift */,
				A18B93C62D34EF9100F06BC5 /* TotalActivityReport.swift */,
				A18B93C82D34EF9100F06BC5 /* TotalActivityView.swift */,
				A18B93DE2D3507FB00F06BC5 /* PiechartReport.swift */,
				A18B93E02D35086400F06BC5 /* PiechartView.swift */,
				A18B93CA2D34EF9100F06BC5 /* Info.plist */,
				A18B93CB2D34EF9100F06BC5 /* ActivityReport.entitlements */,
			);
			path = ActivityReport;
			sourceTree = "<group>";
		};
		A1AA82B42D4195B600672789 /* Frameworks */ = {
			isa = PBXGroup;
			children = (
				A1AA82B52D4195B600672789 /* DeviceActivity.framework */,
			);
			name = Frameworks;
			sourceTree = "<group>";
		};
		A1AA82C82D41BD8400672789 /* Views */ = {
			isa = PBXGroup;
			children = (
				A10AD5D62D35D6F400EA5155 /* ActivityReportView.swift */,
				A10AD5DA2D35D91600EA5155 /* LockAppsView.swift */,
				A1AA82AB2D401D7600672789 /* TrackedAppsCardView.swift */,
				A10AD5E12D3DA6E200EA5155 /* DebugControlsView.swift */,
				A10AD5D82D35D75100EA5155 /* LandingPageView.swift */,
				A1AA82A92D3DE80900672789 /* OnboardingView.swift */,
				A1AA82CD2D421CE100672789 /* SessionHistoryView.swift */,
				A1AA82D12D4371A300672789 /* LockSessionBarChartView.swift */,
				A1AA82CF2D43546100672789 /* SplashScreen.swift */,
			);
			path = Views;
			sourceTree = "<group>";
		};
		A1AA82C92D41BD8B00672789 /* Models */ = {
			isa = PBXGroup;
			children = (
				A1AA82CA2D4211C100672789 /* LockSession.swift */,
				A1AA82C52D41B22200672789 /* AppModel.swift */,
			);
			path = Models;
			sourceTree = "<group>";
		};
/* End PBXGroup section */

/* Begin PBXNativeTarget section */
		A18B93AC2D34EA7E00F06BC5 /* Locked In */ = {
			isa = PBXNativeTarget;
			buildConfigurationList = A18B93BB2D34EA7F00F06BC5 /* Build configuration list for PBXNativeTarget "Locked In" */;
			buildPhases = (
				A18B93A92D34EA7E00F06BC5 /* Sources */,
				A18B93AA2D34EA7E00F06BC5 /* Frameworks */,
				A18B93AB2D34EA7E00F06BC5 /* Resources */,
				A18B93D22D34EF9100F06BC5 /* Embed ExtensionKit Extensions */,
				A1AA82C32D4195B600672789 /* Embed Foundation Extensions */,
			);
			buildRules = (
			);
			dependencies = (
				A18B93CD2D34EF9100F06BC5 /* PBXTargetDependency */,
				A1AA82BD2D4195B600672789 /* PBXTargetDependency */,
			);
			name = "Locked In";
			productName = "Locked In";
			productReference = A18B93AD2D34EA7E00F06BC5 /* Locked In.app */;
			productType = "com.apple.product-type.application";
		};
		A18B93C12D34EF9100F06BC5 /* ActivityReport */ = {
			isa = PBXNativeTarget;
			buildConfigurationList = A18B93CF2D34EF9100F06BC5 /* Build configuration list for PBXNativeTarget "ActivityReport" */;
			buildPhases = (
				A18B93BE2D34EF9100F06BC5 /* Sources */,
				A18B93BF2D34EF9100F06BC5 /* Frameworks */,
				A18B93C02D34EF9100F06BC5 /* Resources */,
			);
			buildRules = (
			);
			dependencies = (
			);
			name = ActivityReport;
			productName = ActivityReport;
			productReference = A18B93C22D34EF9100F06BC5 /* ActivityReport.appex */;
			productType = "com.apple.product-type.extensionkit-extension";
		};
		A1AA82B22D4195B600672789 /* ActivityMonitor */ = {
			isa = PBXNativeTarget;
			buildConfigurationList = A1AA82C02D4195B600672789 /* Build configuration list for PBXNativeTarget "ActivityMonitor" */;
			buildPhases = (
				A1AA82AF2D4195B600672789 /* Sources */,
				A1AA82B02D4195B600672789 /* Frameworks */,
				A1AA82B12D4195B600672789 /* Resources */,
			);
			buildRules = (
			);
			dependencies = (
			);
			fileSystemSynchronizedGroups = (
				A1AA82B72D4195B600672789 /* ActivityMonitor */,
			);
			name = ActivityMonitor;
			packageProductDependencies = (
			);
			productName = ActivityMonitor;
			productReference = A1AA82B32D4195B600672789 /* ActivityMonitor.appex */;
			productType = "com.apple.product-type.app-extension";
		};
/* End PBXNativeTarget section */

/* Begin PBXProject section */
		A18B93A52D34EA7E00F06BC5 /* Project object */ = {
			isa = PBXProject;
			attributes = {
				BuildIndependentTargetsInParallel = 1;
				LastSwiftUpdateCheck = 1620;
				LastUpgradeCheck = 1510;
				TargetAttributes = {
					A18B93AC2D34EA7E00F06BC5 = {
						CreatedOnToolsVersion = 15.1;
					};
					A18B93C12D34EF9100F06BC5 = {
						CreatedOnToolsVersion = 15.1;
					};
					A1AA82B22D4195B600672789 = {
						CreatedOnToolsVersion = 16.2;
					};
				};
			};
			buildConfigurationList = A18B93A82D34EA7E00F06BC5 /* Build configuration list for PBXProject "Locked In" */;
			compatibilityVersion = "Xcode 14.0";
			developmentRegion = en;
			hasScannedForEncodings = 0;
			knownRegions = (
				en,
				Base,
			);
			mainGroup = A18B93A42D34EA7E00F06BC5;
			productRefGroup = A18B93AE2D34EA7E00F06BC5 /* Products */;
			projectDirPath = "";
			projectRoot = "";
			targets = (
				A18B93AC2D34EA7E00F06BC5 /* Locked In */,
				A18B93C12D34EF9100F06BC5 /* ActivityReport */,
				A1AA82B22D4195B600672789 /* ActivityMonitor */,
			);
		};
/* End PBXProject section */

/* Begin PBXResourcesBuildPhase section */
		A18B93AB2D34EA7E00F06BC5 /* Resources */ = {
			isa = PBXResourcesBuildPhase;
			buildActionMask = 2147483647;
			files = (
				A18B93B82D34EA7F00F06BC5 /* Preview Assets.xcassets in Resources */,
				A18B93B52D34EA7F00F06BC5 /* Assets.xcassets in Resources */,
			);
			runOnlyForDeploymentPostprocessing = 0;
		};
		A18B93C02D34EF9100F06BC5 /* Resources */ = {
			isa = PBXResourcesBuildPhase;
			buildActionMask = 2147483647;
			files = (
			);
			runOnlyForDeploymentPostprocessing = 0;
		};
		A1AA82B12D4195B600672789 /* Resources */ = {
			isa = PBXResourcesBuildPhase;
			buildActionMask = 2147483647;
			files = (
			);
			runOnlyForDeploymentPostprocessing = 0;
		};
/* End PBXResourcesBuildPhase section */

/* Begin PBXSourcesBuildPhase section */
		A18B93A92D34EA7E00F06BC5 /* Sources */ = {
			isa = PBXSourcesBuildPhase;
			buildActionMask = 2147483647;
			files = (
				A1AA82D02D43546100672789 /* SplashScreen.swift in Sources */,
				A10AD5D72D35D6F400EA5155 /* ActivityReportView.swift in Sources */,
				A10AD5D92D35D75100EA5155 /* LandingPageView.swift in Sources */,
				A1AA82A82D3DE19700672789 /* ContentView.swift in Sources */,
				A1AA82CE2D421CE100672789 /* SessionHistoryView.swift in Sources */,
				A1AA82AC2D401D7600672789 /* TrackedAppsCardView.swift in Sources */,
				A1AA82C62D41B22600672789 /* AppModel.swift in Sources */,
				A10AD5DB2D35D91600EA5155 /* LockAppsView.swift in Sources */,
				A10AD5E22D3DA6E200EA5155 /* DebugControlsView.swift in Sources */,
				A18B93B12D34EA7E00F06BC5 /* Locked_InApp.swift in Sources */,
				A1AA82AA2D3DE80900672789 /* OnboardingView.swift in Sources */,
				A1AA82D22D4371A300672789 /* LockSessionBarChartView.swift in Sources */,
				A1AA82CB2D4211D700672789 /* LockSession.swift in Sources */,
			);
			runOnlyForDeploymentPostprocessing = 0;
		};
		A18B93BE2D34EF9100F06BC5 /* Sources */ = {
			isa = PBXSourcesBuildPhase;
			buildActionMask = 2147483647;
			files = (
				A10AD5DF2D35F5E900EA5155 /* ApplicationUsage.swift in Sources */,
				A18B93C92D34EF9100F06BC5 /* TotalActivityView.swift in Sources */,
				A18B93C52D34EF9100F06BC5 /* ActivityReport.swift in Sources */,
				A18B93E12D35086400F06BC5 /* PiechartView.swift in Sources */,
				A18B93C72D34EF9100F06BC5 /* TotalActivityReport.swift in Sources */,
				A18B93DF2D3507FB00F06BC5 /* PiechartReport.swift in Sources */,
			);
			runOnlyForDeploymentPostprocessing = 0;
		};
		A1AA82AF2D4195B600672789 /* Sources */ = {
			isa = PBXSourcesBuildPhase;
			buildActionMask = 2147483647;
			files = (
				A1AA82C72D41B27300672789 /* AppModel.swift in Sources */,
				A1AA82CC2D4211D700672789 /* LockSession.swift in Sources */,
			);
			runOnlyForDeploymentPostprocessing = 0;
		};
/* End PBXSourcesBuildPhase section */

/* Begin PBXTargetDependency section */
		A18B93CD2D34EF9100F06BC5 /* PBXTargetDependency */ = {
			isa = PBXTargetDependency;
			target = A18B93C12D34EF9100F06BC5 /* ActivityReport */;
			targetProxy = A18B93CC2D34EF9100F06BC5 /* PBXContainerItemProxy */;
		};
		A1AA82BD2D4195B600672789 /* PBXTargetDependency */ = {
			isa = PBXTargetDependency;
			target = A1AA82B22D4195B600672789 /* ActivityMonitor */;
			targetProxy = A1AA82BC2D4195B600672789 /* PBXContainerItemProxy */;
		};
/* End PBXTargetDependency section */

/* Begin XCBuildConfiguration section */
		A18B93B92D34EA7F00F06BC5 /* Debug */ = {
			isa = XCBuildConfiguration;
			buildSettings = {
				ALWAYS_SEARCH_USER_PATHS = NO;
				ASSETCATALOG_COMPILER_GENERATE_SWIFT_ASSET_SYMBOL_EXTENSIONS = YES;
				CLANG_ANALYZER_NONNULL = YES;
				CLANG_ANALYZER_NUMBER_OBJECT_CONVERSION = YES_AGGRESSIVE;
				CLANG_CXX_LANGUAGE_STANDARD = "gnu++20";
				CLANG_ENABLE_MODULES = YES;
				CLANG_ENABLE_OBJC_ARC = YES;
				CLANG_ENABLE_OBJC_WEAK = YES;
				CLANG_WARN_BLOCK_CAPTURE_AUTORELEASING = YES;
				CLANG_WARN_BOOL_CONVERSION = YES;
				CLANG_WARN_COMMA = YES;
				CLANG_WARN_CONSTANT_CONVERSION = YES;
				CLANG_WARN_DEPRECATED_OBJC_IMPLEMENTATIONS = YES;
				CLANG_WARN_DIRECT_OBJC_ISA_USAGE = YES_ERROR;
				CLANG_WARN_DOCUMENTATION_COMMENTS = YES;
				CLANG_WARN_EMPTY_BODY = YES;
				CLANG_WARN_ENUM_CONVERSION = YES;
				CLANG_WARN_INFINITE_RECURSION = YES;
				CLANG_WARN_INT_CONVERSION = YES;
				CLANG_WARN_NON_LITERAL_NULL_CONVERSION = YES;
				CLANG_WARN_OBJC_IMPLICIT_RETAIN_SELF = YES;
				CLANG_WARN_OBJC_LITERAL_CONVERSION = YES;
				CLANG_WARN_OBJC_ROOT_CLASS = YES_ERROR;
				CLANG_WARN_QUOTED_INCLUDE_IN_FRAMEWORK_HEADER = YES;
				CLANG_WARN_RANGE_LOOP_ANALYSIS = YES;
				CLANG_WARN_STRICT_PROTOTYPES = YES;
				CLANG_WARN_SUSPICIOUS_MOVE = YES;
				CLANG_WARN_UNGUARDED_AVAILABILITY = YES_AGGRESSIVE;
				CLANG_WARN_UNREACHABLE_CODE = YES;
				CLANG_WARN__DUPLICATE_METHOD_MATCH = YES;
				COPY_PHASE_STRIP = NO;
				DEBUG_INFORMATION_FORMAT = dwarf;
				ENABLE_STRICT_OBJC_MSGSEND = YES;
				ENABLE_TESTABILITY = YES;
				ENABLE_USER_SCRIPT_SANDBOXING = YES;
				GCC_C_LANGUAGE_STANDARD = gnu17;
				GCC_DYNAMIC_NO_PIC = NO;
				GCC_NO_COMMON_BLOCKS = YES;
				GCC_OPTIMIZATION_LEVEL = 0;
				GCC_PREPROCESSOR_DEFINITIONS = (
					"DEBUG=1",
					"$(inherited)",
				);
				GCC_WARN_64_TO_32_BIT_CONVERSION = YES;
				GCC_WARN_ABOUT_RETURN_TYPE = YES_ERROR;
				GCC_WARN_UNDECLARED_SELECTOR = YES;
				GCC_WARN_UNINITIALIZED_AUTOS = YES_AGGRESSIVE;
				GCC_WARN_UNUSED_FUNCTION = YES;
				GCC_WARN_UNUSED_VARIABLE = YES;
				IPHONEOS_DEPLOYMENT_TARGET = 17.2;
				LOCALIZATION_PREFERS_STRING_CATALOGS = YES;
				MTL_ENABLE_DEBUG_INFO = INCLUDE_SOURCE;
				MTL_FAST_MATH = YES;
				ONLY_ACTIVE_ARCH = YES;
				SDKROOT = iphoneos;
				SWIFT_ACTIVE_COMPILATION_CONDITIONS = "DEBUG $(inherited)";
				SWIFT_OPTIMIZATION_LEVEL = "-Onone";
			};
			name = Debug;
		};
		A18B93BA2D34EA7F00F06BC5 /* Release */ = {
			isa = XCBuildConfiguration;
			buildSettings = {
				ALWAYS_SEARCH_USER_PATHS = NO;
				ASSETCATALOG_COMPILER_GENERATE_SWIFT_ASSET_SYMBOL_EXTENSIONS = YES;
				CLANG_ANALYZER_NONNULL = YES;
				CLANG_ANALYZER_NUMBER_OBJECT_CONVERSION = YES_AGGRESSIVE;
				CLANG_CXX_LANGUAGE_STANDARD = "gnu++20";
				CLANG_ENABLE_MODULES = YES;
				CLANG_ENABLE_OBJC_ARC = YES;
				CLANG_ENABLE_OBJC_WEAK = YES;
				CLANG_WARN_BLOCK_CAPTURE_AUTORELEASING = YES;
				CLANG_WARN_BOOL_CONVERSION = YES;
				CLANG_WARN_COMMA = YES;
				CLANG_WARN_CONSTANT_CONVERSION = YES;
				CLANG_WARN_DEPRECATED_OBJC_IMPLEMENTATIONS = YES;
				CLANG_WARN_DIRECT_OBJC_ISA_USAGE = YES_ERROR;
				CLANG_WARN_DOCUMENTATION_COMMENTS = YES;
				CLANG_WARN_EMPTY_BODY = YES;
				CLANG_WARN_ENUM_CONVERSION = YES;
				CLANG_WARN_INFINITE_RECURSION = YES;
				CLANG_WARN_INT_CONVERSION = YES;
				CLANG_WARN_NON_LITERAL_NULL_CONVERSION = YES;
				CLANG_WARN_OBJC_IMPLICIT_RETAIN_SELF = YES;
				CLANG_WARN_OBJC_LITERAL_CONVERSION = YES;
				CLANG_WARN_OBJC_ROOT_CLASS = YES_ERROR;
				CLANG_WARN_QUOTED_INCLUDE_IN_FRAMEWORK_HEADER = YES;
				CLANG_WARN_RANGE_LOOP_ANALYSIS = YES;
				CLANG_WARN_STRICT_PROTOTYPES = YES;
				CLANG_WARN_SUSPICIOUS_MOVE = YES;
				CLANG_WARN_UNGUARDED_AVAILABILITY = YES_AGGRESSIVE;
				CLANG_WARN_UNREACHABLE_CODE = YES;
				CLANG_WARN__DUPLICATE_METHOD_MATCH = YES;
				COPY_PHASE_STRIP = NO;
				DEBUG_INFORMATION_FORMAT = "dwarf-with-dsym";
				ENABLE_NS_ASSERTIONS = NO;
				ENABLE_STRICT_OBJC_MSGSEND = YES;
				ENABLE_USER_SCRIPT_SANDBOXING = YES;
				GCC_C_LANGUAGE_STANDARD = gnu17;
				GCC_NO_COMMON_BLOCKS = YES;
				GCC_WARN_64_TO_32_BIT_CONVERSION = YES;
				GCC_WARN_ABOUT_RETURN_TYPE = YES_ERROR;
				GCC_WARN_UNDECLARED_SELECTOR = YES;
				GCC_WARN_UNINITIALIZED_AUTOS = YES_AGGRESSIVE;
				GCC_WARN_UNUSED_FUNCTION = YES;
				GCC_WARN_UNUSED_VARIABLE = YES;
				IPHONEOS_DEPLOYMENT_TARGET = 17.2;
				LOCALIZATION_PREFERS_STRING_CATALOGS = YES;
				MTL_ENABLE_DEBUG_INFO = NO;
				MTL_FAST_MATH = YES;
				SDKROOT = iphoneos;
				SWIFT_COMPILATION_MODE = wholemodule;
				VALIDATE_PRODUCT = YES;
			};
			name = Release;
		};
		A18B93BC2D34EA7F00F06BC5 /* Debug */ = {
			isa = XCBuildConfiguration;
			buildSettings = {
				ALWAYS_EMBED_SWIFT_STANDARD_LIBRARIES = YES;
				ASSETCATALOG_COMPILER_APPICON_NAME = AppIcon;
				ASSETCATALOG_COMPILER_GLOBAL_ACCENT_COLOR_NAME = AccentColor;
				CODE_SIGN_ENTITLEMENTS = "Locked In/Locked In.entitlements";
				CODE_SIGN_STYLE = Automatic;
				CURRENT_PROJECT_VERSION = 1;
				DEVELOPMENT_ASSET_PATHS = "\"Locked In/Preview Content\"";
				DEVELOPMENT_TEAM = 8W4WFFJLXX;
				ENABLE_PREVIEWS = YES;
				GENERATE_INFOPLIST_FILE = YES;
				INFOPLIST_KEY_CFBundleDisplayName = "Lock In";
				INFOPLIST_KEY_LSApplicationCategoryType = "public.app-category.productivity";
				INFOPLIST_KEY_UIApplicationSceneManifest_Generation = YES;
				INFOPLIST_KEY_UIApplicationSupportsIndirectInputEvents = YES;
				INFOPLIST_KEY_UILaunchScreen_Generation = YES;
				INFOPLIST_KEY_UIStatusBarStyle = "";
				INFOPLIST_KEY_UISupportedInterfaceOrientations = UIInterfaceOrientationPortrait;
				INFOPLIST_KEY_UIUserInterfaceStyle = Dark;
				IPHONEOS_DEPLOYMENT_TARGET = 17.0;
				LD_RUNPATH_SEARCH_PATHS = (
					"$(inherited)",
					"@executable_path/Frameworks",
				);
				MARKETING_VERSION = 1.0;
				PRODUCT_BUNDLE_IDENTIFIER = "com.appology.Locked-In";
				PRODUCT_NAME = "$(TARGET_NAME)";
				SUPPORTED_PLATFORMS = "iphoneos iphonesimulator";
				SUPPORTS_MACCATALYST = NO;
				SUPPORTS_MAC_DESIGNED_FOR_IPHONE_IPAD = NO;
				SUPPORTS_XR_DESIGNED_FOR_IPHONE_IPAD = NO;
				SWIFT_EMIT_LOC_STRINGS = YES;
				SWIFT_VERSION = 5.0;
				TARGETED_DEVICE_FAMILY = "1,2";
			};
			name = Debug;
		};
		A18B93BD2D34EA7F00F06BC5 /* Release */ = {
			isa = XCBuildConfiguration;
			buildSettings = {
				ALWAYS_EMBED_SWIFT_STANDARD_LIBRARIES = YES;
				ASSETCATALOG_COMPILER_APPICON_NAME = AppIcon;
				ASSETCATALOG_COMPILER_GLOBAL_ACCENT_COLOR_NAME = AccentColor;
				CODE_SIGN_ENTITLEMENTS = "Locked In/Locked In.entitlements";
				CODE_SIGN_STYLE = Automatic;
				CURRENT_PROJECT_VERSION = 1;
				DEVELOPMENT_ASSET_PATHS = "\"Locked In/Preview Content\"";
				DEVELOPMENT_TEAM = 8W4WFFJLXX;
				ENABLE_PREVIEWS = YES;
				GENERATE_INFOPLIST_FILE = YES;
				INFOPLIST_KEY_CFBundleDisplayName = "Lock In";
				INFOPLIST_KEY_LSApplicationCategoryType = "public.app-category.productivity";
				INFOPLIST_KEY_UIApplicationSceneManifest_Generation = YES;
				INFOPLIST_KEY_UIApplicationSupportsIndirectInputEvents = YES;
				INFOPLIST_KEY_UILaunchScreen_Generation = YES;
				INFOPLIST_KEY_UIStatusBarStyle = "";
				INFOPLIST_KEY_UISupportedInterfaceOrientations = UIInterfaceOrientationPortrait;
				INFOPLIST_KEY_UIUserInterfaceStyle = Dark;
				IPHONEOS_DEPLOYMENT_TARGET = 17.0;
				LD_RUNPATH_SEARCH_PATHS = (
					"$(inherited)",
					"@executable_path/Frameworks",
				);
				MARKETING_VERSION = 1.0;
				PRODUCT_BUNDLE_IDENTIFIER = "com.appology.Locked-In";
				PRODUCT_NAME = "$(TARGET_NAME)";
				SUPPORTED_PLATFORMS = "iphoneos iphonesimulator";
				SUPPORTS_MACCATALYST = NO;
				SUPPORTS_MAC_DESIGNED_FOR_IPHONE_IPAD = NO;
				SUPPORTS_XR_DESIGNED_FOR_IPHONE_IPAD = NO;
				SWIFT_EMIT_LOC_STRINGS = YES;
				SWIFT_VERSION = 5.0;
				TARGETED_DEVICE_FAMILY = "1,2";
			};
			name = Release;
		};
		A18B93D02D34EF9100F06BC5 /* Debug */ = {
			isa = XCBuildConfiguration;
			buildSettings = {
				CODE_SIGN_ENTITLEMENTS = ActivityReport/ActivityReport.entitlements;
				CODE_SIGN_STYLE = Automatic;
				CURRENT_PROJECT_VERSION = 1;
				DEVELOPMENT_TEAM = 8W4WFFJLXX;
				GENERATE_INFOPLIST_FILE = YES;
				INFOPLIST_FILE = ActivityReport/Info.plist;
				INFOPLIST_KEY_CFBundleDisplayName = ActivityReport;
				INFOPLIST_KEY_NSHumanReadableCopyright = "";
				INFOPLIST_KEY_UIUserInterfaceStyle = Dark;
				LD_RUNPATH_SEARCH_PATHS = (
					"$(inherited)",
					"@executable_path/Frameworks",
					"@executable_path/../../Frameworks",
				);
				MARKETING_VERSION = 1.0;
				PRODUCT_BUNDLE_IDENTIFIER = "com.appology.Locked-In.ActivityReport";
				PRODUCT_NAME = "$(TARGET_NAME)";
				SKIP_INSTALL = YES;
				SWIFT_EMIT_LOC_STRINGS = YES;
				SWIFT_VERSION = 5.0;
				TARGETED_DEVICE_FAMILY = "1,2";
			};
			name = Debug;
		};
		A18B93D12D34EF9100F06BC5 /* Release */ = {
			isa = XCBuildConfiguration;
			buildSettings = {
				CODE_SIGN_ENTITLEMENTS = ActivityReport/ActivityReport.entitlements;
				CODE_SIGN_STYLE = Automatic;
				CURRENT_PROJECT_VERSION = 1;
				DEVELOPMENT_TEAM = 8W4WFFJLXX;
				GENERATE_INFOPLIST_FILE = YES;
				INFOPLIST_FILE = ActivityReport/Info.plist;
				INFOPLIST_KEY_CFBundleDisplayName = ActivityReport;
				INFOPLIST_KEY_NSHumanReadableCopyright = "";
				INFOPLIST_KEY_UIUserInterfaceStyle = Dark;
				LD_RUNPATH_SEARCH_PATHS = (
					"$(inherited)",
					"@executable_path/Frameworks",
					"@executable_path/../../Frameworks",
				);
				MARKETING_VERSION = 1.0;
				PRODUCT_BUNDLE_IDENTIFIER = "com.appology.Locked-In.ActivityReport";
				PRODUCT_NAME = "$(TARGET_NAME)";
				SKIP_INSTALL = YES;
				SWIFT_EMIT_LOC_STRINGS = YES;
				SWIFT_VERSION = 5.0;
				TARGETED_DEVICE_FAMILY = "1,2";
			};
			name = Release;
		};
		A1AA82C12D4195B600672789 /* Debug */ = {
			isa = XCBuildConfiguration;
			buildSettings = {
				CODE_SIGN_ENTITLEMENTS = ActivityMonitor/ActivityMonitor.entitlements;
				CODE_SIGN_STYLE = Automatic;
				CURRENT_PROJECT_VERSION = 1;
				DEVELOPMENT_TEAM = 8W4WFFJLXX;
				GENERATE_INFOPLIST_FILE = YES;
				INFOPLIST_FILE = ActivityMonitor/Info.plist;
				INFOPLIST_KEY_CFBundleDisplayName = ActivityMonitor;
				INFOPLIST_KEY_NSHumanReadableCopyright = "";
				LD_RUNPATH_SEARCH_PATHS = (
					"$(inherited)",
					"@executable_path/Frameworks",
					"@executable_path/../../Frameworks",
				);
				MARKETING_VERSION = 1.0;
				PRODUCT_BUNDLE_IDENTIFIER = "com.appology.Locked-In.ActivityMonitor";
				PRODUCT_NAME = "$(TARGET_NAME)";
				SKIP_INSTALL = YES;
				SWIFT_EMIT_LOC_STRINGS = YES;
				SWIFT_VERSION = 5.0;
				TARGETED_DEVICE_FAMILY = "1,2";
			};
			name = Debug;
		};
		A1AA82C22D4195B600672789 /* Release */ = {
			isa = XCBuildConfiguration;
			buildSettings = {
				CODE_SIGN_ENTITLEMENTS = ActivityMonitor/ActivityMonitor.entitlements;
				CODE_SIGN_STYLE = Automatic;
				CURRENT_PROJECT_VERSION = 1;
				DEVELOPMENT_TEAM = 8W4WFFJLXX;
				GENERATE_INFOPLIST_FILE = YES;
				INFOPLIST_FILE = ActivityMonitor/Info.plist;
				INFOPLIST_KEY_CFBundleDisplayName = ActivityMonitor;
				INFOPLIST_KEY_NSHumanReadableCopyright = "";
				LD_RUNPATH_SEARCH_PATHS = (
					"$(inherited)",
					"@executable_path/Frameworks",
					"@executable_path/../../Frameworks",
				);
				MARKETING_VERSION = 1.0;
				PRODUCT_BUNDLE_IDENTIFIER = "com.appology.Locked-In.ActivityMonitor";
				PRODUCT_NAME = "$(TARGET_NAME)";
				SKIP_INSTALL = YES;
				SWIFT_EMIT_LOC_STRINGS = YES;
				SWIFT_VERSION = 5.0;
				TARGETED_DEVICE_FAMILY = "1,2";
			};
			name = Release;
		};
/* End XCBuildConfiguration section */

/* Begin XCConfigurationList section */
		A18B93A82D34EA7E00F06BC5 /* Build configuration list for PBXProject "Locked In" */ = {
			isa = XCConfigurationList;
			buildConfigurations = (
				A18B93B92D34EA7F00F06BC5 /* Debug */,
				A18B93BA2D34EA7F00F06BC5 /* Release */,
			);
			defaultConfigurationIsVisible = 0;
			defaultConfigurationName = Release;
		};
		A18B93BB2D34EA7F00F06BC5 /* Build configuration list for PBXNativeTarget "Locked In" */ = {
			isa = XCConfigurationList;
			buildConfigurations = (
				A18B93BC2D34EA7F00F06BC5 /* Debug */,
				A18B93BD2D34EA7F00F06BC5 /* Release */,
			);
			defaultConfigurationIsVisible = 0;
			defaultConfigurationName = Release;
		};
		A18B93CF2D34EF9100F06BC5 /* Build configuration list for PBXNativeTarget "ActivityReport" */ = {
			isa = XCConfigurationList;
			buildConfigurations = (
				A18B93D02D34EF9100F06BC5 /* Debug */,
				A18B93D12D34EF9100F06BC5 /* Release */,
			);
			defaultConfigurationIsVisible = 0;
			defaultConfigurationName = Release;
		};
		A1AA82C02D4195B600672789 /* Build configuration list for PBXNativeTarget "ActivityMonitor" */ = {
			isa = XCConfigurationList;
			buildConfigurations = (
				A1AA82C12D4195B600672789 /* Debug */,
				A1AA82C22D4195B600672789 /* Release */,
			);
			defaultConfigurationIsVisible = 0;
			defaultConfigurationName = Release;
		};
/* End XCConfigurationList section */
	};
	rootObject = A18B93A52D34EA7E00F06BC5 /* Project object */;
}
